
Microsoft Visual Studio Solution File, Format Version 12.00
# Visual Studio Version 17
VisualStudioVersion = 17.3.32825.248
MinimumVisualStudioVersion = 10.0.40219.1
Project("{8BC9CEB8-8B4A-11D0-8D11-00A0C91BC942}") = "maxSumSubmatrix", "maxSumSubmatrix\maxSumSubmatrix.vcxproj", "{BA2819CB-780D-437C-9251-586EC2488588}"
EndProject
Project("{8BC9CEB8-8B4A-11D0-8D11-00A0C91BC942}") = "Maximum Subarray", "Maximum Subarray\Maximum Subarray.vcxproj", "{C641DDB5-DA8E-4E5A-8FF2-60ED871766B1}"
EndProject
Project("{8BC9CEB8-8B4A-11D0-8D11-00A0C91BC942}") = "findDuplicate", "findDuplicate\findDuplicate.vcxproj", "{236BA3D8-A205-4F2D-937D-CBB4328E8805}"
EndProject
Project("{8BC9CEB8-8B4A-11D0-8D11-00A0C91BC942}") = "longestConsecutive", "longestConsecutive\longestConsecutive.vcxproj", "{6B14F010-0D04-4B16-984A-95D37C75FE20}"
EndProject
Project("{8BC9CEB8-8B4A-11D0-8D11-00A0C91BC942}") = "First Missing Positive", "First Missing Positive\First Missing Positive.vcxproj", "{366F6D84-B51C-4D5A-A868-15B7E6E1E155}"
EndProject
Project("{8BC9CEB8-8B4A-11D0-8D11-00A0C91BC942}") = "Binary Tree Inorder Traversal", "Binary Tree Inorder Traversal\Binary Tree Inorder Traversal.vcxproj", "{9FA26315-2B8C-4849-9E25-CCFC237D2C1E}"
EndProject
Project("{8BC9CEB8-8B4A-11D0-8D11-00A0C91BC942}") = "Best Time to Buy and Sell Stock IV", "Best Time to Buy and Sell Stock IV\Best Time to Buy and Sell Stock IV.vcxproj", "{0E817E23-50B1-43C5-92F5-4909722D411A}"
EndProject
Project("{8BC9CEB8-8B4A-11D0-8D11-00A0C91BC942}") = "Fibonacci Number", "Fibonacci Number\Fibonacci Number.vcxproj", "{F492B6B9-0421-4C0B-8AE8-C0BA3DF47143}"
EndProject
Project("{8BC9CEB8-8B4A-11D0-8D11-00A0C91BC942}") = "N-th Tribonacci Number", "N-th Tribonacci Number\N-th Tribonacci Number.vcxproj", "{F9C0D534-2DF1-487E-A631-160386AA35E1}"
EndProject
Project("{8BC9CEB8-8B4A-11D0-8D11-00A0C91BC942}") = "House Robber III", "House Robber III\House Robber III.vcxproj", "{8D367C50-D23F-42F6-8AC1-3F44411955CE}"
EndProject
Project("{8BC9CEB8-8B4A-11D0-8D11-00A0C91BC942}") = "Min Cost Climbing Stairs", "Min Cost Climbing Stairs\Min Cost Climbing Stairs.vcxproj", "{F1126348-C146-424F-B280-468924EDEB92}"
EndProject
Project("{8BC9CEB8-8B4A-11D0-8D11-00A0C91BC942}") = "Climbing Stairs", "Climbing Stairs\Climbing Stairs.vcxproj", "{52AF4341-3C92-4800-88E3-42DBD52B704D}"
EndProject
Project("{8BC9CEB8-8B4A-11D0-8D11-00A0C91BC942}") = "Counting Bits", "Counting Bits\Counting Bits.vcxproj", "{0CF4EF46-F55A-422D-AB44-DA8D31354163}"
EndProject
Project("{8BC9CEB8-8B4A-11D0-8D11-00A0C91BC942}") = "Delete the Middle Node of a Linked List", "Delete the Middle Node of a Linked List\Delete the Middle Node of a Linked List.vcxproj", "{DA253EC1-E57C-47BA-9A85-76FB274F256E}"
EndProject
Project("{8BC9CEB8-8B4A-11D0-8D11-00A0C91BC942}") = "Word Search", "Word Search\Word Search.vcxproj", "{9B27FD24-EF59-4AD7-A8A0-3A1FA653F1C3}"
EndProject
Project("{8BC9CEB8-8B4A-11D0-8D11-00A0C91BC942}") = "Pascal's Triangle", "Pascal's Triangle\Pascal's Triangle.vcxproj", "{7CDBBFB5-D086-44A4-A8A5-3125C607A40C}"
EndProject
Project("{8BC9CEB8-8B4A-11D0-8D11-00A0C91BC942}") = "Pascal's Triangle II", "Pascal's Triangle II\Pascal's Triangle II.vcxproj", "{F3D52A9C-3689-4C67-A86B-A7A66D984C15}"
EndProject
Global
	GlobalSection(SolutionConfigurationPlatforms) = preSolution
		Debug|x64 = Debug|x64
		Debug|x86 = Debug|x86
		Release|x64 = Release|x64
		Release|x86 = Release|x86
	EndGlobalSection
	GlobalSection(ProjectConfigurationPlatforms) = postSolution
		{BA2819CB-780D-437C-9251-586EC2488588}.Debug|x64.ActiveCfg = Debug|x64
		{BA2819CB-780D-437C-9251-586EC2488588}.Debug|x64.Build.0 = Debug|x64
		{BA2819CB-780D-437C-9251-586EC2488588}.Debug|x86.ActiveCfg = Debug|Win32
		{BA2819CB-780D-437C-9251-586EC2488588}.Debug|x86.Build.0 = Debug|Win32
		{BA2819CB-780D-437C-9251-586EC2488588}.Release|x64.ActiveCfg = Release|x64
		{BA2819CB-780D-437C-9251-586EC2488588}.Release|x64.Build.0 = Release|x64
		{BA2819CB-780D-437C-9251-586EC2488588}.Release|x86.ActiveCfg = Release|Win32
		{BA2819CB-780D-437C-9251-586EC2488588}.Release|x86.Build.0 = Release|Win32
		{C641DDB5-DA8E-4E5A-8FF2-60ED871766B1}.Debug|x64.ActiveCfg = Debug|x64
		{C641DDB5-DA8E-4E5A-8FF2-60ED871766B1}.Debug|x64.Build.0 = Debug|x64
		{C641DDB5-DA8E-4E5A-8FF2-60ED871766B1}.Debug|x86.ActiveCfg = Debug|Win32
		{C641DDB5-DA8E-4E5A-8FF2-60ED871766B1}.Debug|x86.Build.0 = Debug|Win32
		{C641DDB5-DA8E-4E5A-8FF2-60ED871766B1}.Release|x64.ActiveCfg = Release|x64
		{C641DDB5-DA8E-4E5A-8FF2-60ED871766B1}.Release|x64.Build.0 = Release|x64
		{C641DDB5-DA8E-4E5A-8FF2-60ED871766B1}.Release|x86.ActiveCfg = Release|Win32
		{C641DDB5-DA8E-4E5A-8FF2-60ED871766B1}.Release|x86.Build.0 = Release|Win32
		{236BA3D8-A205-4F2D-937D-CBB4328E8805}.Debug|x64.ActiveCfg = Debug|x64
		{236BA3D8-A205-4F2D-937D-CBB4328E8805}.Debug|x64.Build.0 = Debug|x64
		{236BA3D8-A205-4F2D-937D-CBB4328E8805}.Debug|x86.ActiveCfg = Debug|Win32
		{236BA3D8-A205-4F2D-937D-CBB4328E8805}.Debug|x86.Build.0 = Debug|Win32
		{236BA3D8-A205-4F2D-937D-CBB4328E8805}.Release|x64.ActiveCfg = Release|x64
		{236BA3D8-A205-4F2D-937D-CBB4328E8805}.Release|x64.Build.0 = Release|x64
		{236BA3D8-A205-4F2D-937D-CBB4328E8805}.Release|x86.ActiveCfg = Release|Win32
		{236BA3D8-A205-4F2D-937D-CBB4328E8805}.Release|x86.Build.0 = Release|Win32
		{6B14F010-0D04-4B16-984A-95D37C75FE20}.Debug|x64.ActiveCfg = Debug|x64
		{6B14F010-0D04-4B16-984A-95D37C75FE20}.Debug|x64.Build.0 = Debug|x64
		{6B14F010-0D04-4B16-984A-95D37C75FE20}.Debug|x86.ActiveCfg = Debug|Win32
		{6B14F010-0D04-4B16-984A-95D37C75FE20}.Debug|x86.Build.0 = Debug|Win32
		{6B14F010-0D04-4B16-984A-95D37C75FE20}.Release|x64.ActiveCfg = Release|x64
		{6B14F010-0D04-4B16-984A-95D37C75FE20}.Release|x64.Build.0 = Release|x64
		{6B14F010-0D04-4B16-984A-95D37C75FE20}.Release|x86.ActiveCfg = Release|Win32
		{6B14F010-0D04-4B16-984A-95D37C75FE20}.Release|x86.Build.0 = Release|Win32
		{366F6D84-B51C-4D5A-A868-15B7E6E1E155}.Debug|x64.ActiveCfg = Debug|x64
		{366F6D84-B51C-4D5A-A868-15B7E6E1E155}.Debug|x64.Build.0 = Debug|x64
		{366F6D84-B51C-4D5A-A868-15B7E6E1E155}.Debug|x86.ActiveCfg = Debug|Win32
		{366F6D84-B51C-4D5A-A868-15B7E6E1E155}.Debug|x86.Build.0 = Debug|Win32
		{366F6D84-B51C-4D5A-A868-15B7E6E1E155}.Release|x64.ActiveCfg = Release|x64
		{366F6D84-B51C-4D5A-A868-15B7E6E1E155}.Release|x64.Build.0 = Release|x64
		{366F6D84-B51C-4D5A-A868-15B7E6E1E155}.Release|x86.ActiveCfg = Release|Win32
		{366F6D84-B51C-4D5A-A868-15B7E6E1E155}.Release|x86.Build.0 = Release|Win32
		{9FA26315-2B8C-4849-9E25-CCFC237D2C1E}.Debug|x64.ActiveCfg = Debug|x64
		{9FA26315-2B8C-4849-9E25-CCFC237D2C1E}.Debug|x64.Build.0 = Debug|x64
		{9FA26315-2B8C-4849-9E25-CCFC237D2C1E}.Debug|x86.ActiveCfg = Debug|Win32
		{9FA26315-2B8C-4849-9E25-CCFC237D2C1E}.Debug|x86.Build.0 = Debug|Win32
		{9FA26315-2B8C-4849-9E25-CCFC237D2C1E}.Release|x64.ActiveCfg = Release|x64
		{9FA26315-2B8C-4849-9E25-CCFC237D2C1E}.Release|x64.Build.0 = Release|x64
		{9FA26315-2B8C-4849-9E25-CCFC237D2C1E}.Release|x86.ActiveCfg = Release|Win32
		{9FA26315-2B8C-4849-9E25-CCFC237D2C1E}.Release|x86.Build.0 = Release|Win32
		{0E817E23-50B1-43C5-92F5-4909722D411A}.Debug|x64.ActiveCfg = Debug|x64
		{0E817E23-50B1-43C5-92F5-4909722D411A}.Debug|x64.Build.0 = Debug|x64
		{0E817E23-50B1-43C5-92F5-4909722D411A}.Debug|x86.ActiveCfg = Debug|Win32
		{0E817E23-50B1-43C5-92F5-4909722D411A}.Debug|x86.Build.0 = Debug|Win32
		{0E817E23-50B1-43C5-92F5-4909722D411A}.Release|x64.ActiveCfg = Release|x64
		{0E817E23-50B1-43C5-92F5-4909722D411A}.Release|x64.Build.0 = Release|x64
		{0E817E23-50B1-43C5-92F5-4909722D411A}.Release|x86.ActiveCfg = Release|Win32
		{0E817E23-50B1-43C5-92F5-4909722D411A}.Release|x86.Build.0 = Release|Win32
		{F492B6B9-0421-4C0B-8AE8-C0BA3DF47143}.Debug|x64.ActiveCfg = Debug|x64
		{F492B6B9-0421-4C0B-8AE8-C0BA3DF47143}.Debug|x64.Build.0 = Debug|x64
		{F492B6B9-0421-4C0B-8AE8-C0BA3DF47143}.Debug|x86.ActiveCfg = Debug|Win32
		{F492B6B9-0421-4C0B-8AE8-C0BA3DF47143}.Debug|x86.Build.0 = Debug|Win32
		{F492B6B9-0421-4C0B-8AE8-C0BA3DF47143}.Release|x64.ActiveCfg = Release|x64
		{F492B6B9-0421-4C0B-8AE8-C0BA3DF47143}.Release|x64.Build.0 = Release|x64
		{F492B6B9-0421-4C0B-8AE8-C0BA3DF47143}.Release|x86.ActiveCfg = Release|Win32
		{F492B6B9-0421-4C0B-8AE8-C0BA3DF47143}.Release|x86.Build.0 = Release|Win32
		{F9C0D534-2DF1-487E-A631-160386AA35E1}.Debug|x64.ActiveCfg = Debug|x64
		{F9C0D534-2DF1-487E-A631-160386AA35E1}.Debug|x64.Build.0 = Debug|x64
		{F9C0D534-2DF1-487E-A631-160386AA35E1}.Debug|x86.ActiveCfg = Debug|Win32
		{F9C0D534-2DF1-487E-A631-160386AA35E1}.Debug|x86.Build.0 = Debug|Win32
		{F9C0D534-2DF1-487E-A631-160386AA35E1}.Release|x64.ActiveCfg = Release|x64
		{F9C0D534-2DF1-487E-A631-160386AA35E1}.Release|x64.Build.0 = Release|x64
		{F9C0D534-2DF1-487E-A631-160386AA35E1}.Release|x86.ActiveCfg = Release|Win32
		{F9C0D534-2DF1-487E-A631-160386AA35E1}.Release|x86.Build.0 = Release|Win32
		{8D367C50-D23F-42F6-8AC1-3F44411955CE}.Debug|x64.ActiveCfg = Debug|x64
		{8D367C50-D23F-42F6-8AC1-3F44411955CE}.Debug|x64.Build.0 = Debug|x64
		{8D367C50-D23F-42F6-8AC1-3F44411955CE}.Debug|x86.ActiveCfg = Debug|Win32
		{8D367C50-D23F-42F6-8AC1-3F44411955CE}.Debug|x86.Build.0 = Debug|Win32
		{8D367C50-D23F-42F6-8AC1-3F44411955CE}.Release|x64.ActiveCfg = Release|x64
		{8D367C50-D23F-42F6-8AC1-3F44411955CE}.Release|x64.Build.0 = Release|x64
		{8D367C50-D23F-42F6-8AC1-3F44411955CE}.Release|x86.ActiveCfg = Release|Win32
		{8D367C50-D23F-42F6-8AC1-3F44411955CE}.Release|x86.Build.0 = Release|Win32
		{F1126348-C146-424F-B280-468924EDEB92}.Debug|x64.ActiveCfg = Debug|x64
		{F1126348-C146-424F-B280-468924EDEB92}.Debug|x64.Build.0 = Debug|x64
		{F1126348-C146-424F-B280-468924EDEB92}.Debug|x86.ActiveCfg = Debug|Win32
		{F1126348-C146-424F-B280-468924EDEB92}.Debug|x86.Build.0 = Debug|Win32
		{F1126348-C146-424F-B280-468924EDEB92}.Release|x64.ActiveCfg = Release|x64
		{F1126348-C146-424F-B280-468924EDEB92}.Release|x64.Build.0 = Release|x64
		{F1126348-C146-424F-B280-468924EDEB92}.Release|x86.ActiveCfg = Release|Win32
		{F1126348-C146-424F-B280-468924EDEB92}.Release|x86.Build.0 = Release|Win32
		{52AF4341-3C92-4800-88E3-42DBD52B704D}.Debug|x64.ActiveCfg = Debug|x64
		{52AF4341-3C92-4800-88E3-42DBD52B704D}.Debug|x64.Build.0 = Debug|x64
		{52AF4341-3C92-4800-88E3-42DBD52B704D}.Debug|x86.ActiveCfg = Debug|Win32
		{52AF4341-3C92-4800-88E3-42DBD52B704D}.Debug|x86.Build.0 = Debug|Win32
		{52AF4341-3C92-4800-88E3-42DBD52B704D}.Release|x64.ActiveCfg = Release|x64
		{52AF4341-3C92-4800-88E3-42DBD52B704D}.Release|x64.Build.0 = Release|x64
		{52AF4341-3C92-4800-88E3-42DBD52B704D}.Release|x86.ActiveCfg = Release|Win32
		{52AF4341-3C92-4800-88E3-42DBD52B704D}.Release|x86.Build.0 = Release|Win32
		{0CF4EF46-F55A-422D-AB44-DA8D31354163}.Debug|x64.ActiveCfg = Debug|x64
		{0CF4EF46-F55A-422D-AB44-DA8D31354163}.Debug|x64.Build.0 = Debug|x64
		{0CF4EF46-F55A-422D-AB44-DA8D31354163}.Debug|x86.ActiveCfg = Debug|Win32
		{0CF4EF46-F55A-422D-AB44-DA8D31354163}.Debug|x86.Build.0 = Debug|Win32
		{0CF4EF46-F55A-422D-AB44-DA8D31354163}.Release|x64.ActiveCfg = Release|x64
		{0CF4EF46-F55A-422D-AB44-DA8D31354163}.Release|x64.Build.0 = Release|x64
		{0CF4EF46-F55A-422D-AB44-DA8D31354163}.Release|x86.ActiveCfg = Release|Win32
		{0CF4EF46-F55A-422D-AB44-DA8D31354163}.Release|x86.Build.0 = Release|Win32
		{DA253EC1-E57C-47BA-9A85-76FB274F256E}.Debug|x64.ActiveCfg = Debug|x64
		{DA253EC1-E57C-47BA-9A85-76FB274F256E}.Debug|x64.Build.0 = Debug|x64
		{DA253EC1-E57C-47BA-9A85-76FB274F256E}.Debug|x86.ActiveCfg = Debug|Win32
		{DA253EC1-E57C-47BA-9A85-76FB274F256E}.Debug|x86.Build.0 = Debug|Win32
		{DA253EC1-E57C-47BA-9A85-76FB274F256E}.Release|x64.ActiveCfg = Release|x64
		{DA253EC1-E57C-47BA-9A85-76FB274F256E}.Release|x64.Build.0 = Release|x64
		{DA253EC1-E57C-47BA-9A85-76FB274F256E}.Release|x86.ActiveCfg = Release|Win32
		{DA253EC1-E57C-47BA-9A85-76FB274F256E}.Release|x86.Build.0 = Release|Win32
		{9B27FD24-EF59-4AD7-A8A0-3A1FA653F1C3}.Debug|x64.ActiveCfg = Debug|x64
		{9B27FD24-EF59-4AD7-A8A0-3A1FA653F1C3}.Debug|x64.Build.0 = Debug|x64
		{9B27FD24-EF59-4AD7-A8A0-3A1FA653F1C3}.Debug|x86.ActiveCfg = Debug|Win32
		{9B27FD24-EF59-4AD7-A8A0-3A1FA653F1C3}.Debug|x86.Build.0 = Debug|Win32
		{9B27FD24-EF59-4AD7-A8A0-3A1FA653F1C3}.Release|x64.ActiveCfg = Release|x64
		{9B27FD24-EF59-4AD7-A8A0-3A1FA653F1C3}.Release|x64.Build.0 = Release|x64
		{9B27FD24-EF59-4AD7-A8A0-3A1FA653F1C3}.Release|x86.ActiveCfg = Release|Win32
		{9B27FD24-EF59-4AD7-A8A0-3A1FA653F1C3}.Release|x86.Build.0 = Release|Win32
		{7CDBBFB5-D086-44A4-A8A5-3125C607A40C}.Debug|x64.ActiveCfg = Debug|x64
		{7CDBBFB5-D086-44A4-A8A5-3125C607A40C}.Debug|x64.Build.0 = Debug|x64
		{7CDBBFB5-D086-44A4-A8A5-3125C607A40C}.Debug|x86.ActiveCfg = Debug|Win32
		{7CDBBFB5-D086-44A4-A8A5-3125C607A40C}.Debug|x86.Build.0 = Debug|Win32
		{7CDBBFB5-D086-44A4-A8A5-3125C607A40C}.Release|x64.ActiveCfg = Release|x64
		{7CDBBFB5-D086-44A4-A8A5-3125C607A40C}.Release|x64.Build.0 = Release|x64
		{7CDBBFB5-D086-44A4-A8A5-3125C607A40C}.Release|x86.ActiveCfg = Release|Win32
		{7CDBBFB5-D086-44A4-A8A5-3125C607A40C}.Release|x86.Build.0 = Release|Win32
		{F3D52A9C-3689-4C67-A86B-A7A66D984C15}.Debug|x64.ActiveCfg = Debug|x64
		{F3D52A9C-3689-4C67-A86B-A7A66D984C15}.Debug|x64.Build.0 = Debug|x64
		{F3D52A9C-3689-4C67-A86B-A7A66D984C15}.Debug|x86.ActiveCfg = Debug|Win32
		{F3D52A9C-3689-4C67-A86B-A7A66D984C15}.Debug|x86.Build.0 = Debug|Win32
		{F3D52A9C-3689-4C67-A86B-A7A66D984C15}.Release|x64.ActiveCfg = Release|x64
		{F3D52A9C-3689-4C67-A86B-A7A66D984C15}.Release|x64.Build.0 = Release|x64
		{F3D52A9C-3689-4C67-A86B-A7A66D984C15}.Release|x86.ActiveCfg = Release|Win32
		{F3D52A9C-3689-4C67-A86B-A7A66D984C15}.Release|x86.Build.0 = Release|Win32
	EndGlobalSection
	GlobalSection(SolutionProperties) = preSolution
		HideSolutionNode = FALSE
	EndGlobalSection
	GlobalSection(ExtensibilityGlobals) = postSolution
		SolutionGuid = {E7235EE3-16A0-4F4A-8FBB-BC74550CE32D}
	EndGlobalSection
EndGlobal
